
Microsoft Visual Studio Solution File, Format Version 12.00
# Visual Studio 2013
VisualStudioVersion = 12.0.31101.0
MinimumVisualStudioVersion = 10.0.40219.1
Project("{FAE04EC0-301F-11D3-BF4B-00C04F79EFBC}") = "SoundAxis.WrenchMG", "SoundAxis.WrenchMG\SoundAxis.WrenchMG.csproj", "{8A124964-4F5E-4FEC-A6C1-3E372B7D55F3}"
EndProject
Project("{FAE04EC0-301F-11D3-BF4B-00C04F79EFBC}") = "SoundAxis.WrenchMG.Tests", "SoundAxis.WrenchMG.Tests\SoundAxis.WrenchMG.Tests.csproj", "{696740C0-0FB1-40BF-B0F8-EF0FCD03B353}"
EndProject
Project("{2150E333-8FDC-42A3-9474-1A3956D46DE8}") = ".nuget", ".nuget", "{2D1F21DA-4FF2-4F56-9E90-865FB1584D48}"
	ProjectSection(SolutionItems) = preProject
		.nuget\NuGet.Config = .nuget\NuGet.Config
		.nuget\NuGet.exe = .nuget\NuGet.exe
		.nuget\NuGet.targets = .nuget\NuGet.targets
	EndProjectSection
EndProject
Global
	GlobalSection(SolutionConfigurationPlatforms) = preSolution
		Debug|Any CPU = Debug|Any CPU
		Release|Any CPU = Release|Any CPU
	EndGlobalSection
	GlobalSection(ProjectConfigurationPlatforms) = postSolution
		{8A124964-4F5E-4FEC-A6C1-3E372B7D55F3}.Debug|Any CPU.ActiveCfg = Debug|Any CPU
		{8A124964-4F5E-4FEC-A6C1-3E372B7D55F3}.Debug|Any CPU.Build.0 = Debug|Any CPU
		{8A124964-4F5E-4FEC-A6C1-3E372B7D55F3}.Release|Any CPU.ActiveCfg = Release|Any CPU
		{8A124964-4F5E-4FEC-A6C1-3E372B7D55F3}.Release|Any CPU.Build.0 = Release|Any CPU
		{696740C0-0FB1-40BF-B0F8-EF0FCD03B353}.Debug|Any CPU.ActiveCfg = Debug|Any CPU
		{696740C0-0FB1-40BF-B0F8-EF0FCD03B353}.Debug|Any CPU.Build.0 = Debug|Any CPU
		{696740C0-0FB1-40BF-B0F8-EF0FCD03B353}.Release|Any CPU.ActiveCfg = Release|Any CPU
		{696740C0-0FB1-40BF-B0F8-EF0FCD03B353}.Release|Any CPU.Build.0 = Release|Any CPU
	EndGlobalSection
	GlobalSection(SolutionProperties) = preSolution
		HideSolutionNode = FALSE
	EndGlobalSection
EndGlobal
